// !$*UTF8*$!
{
	archiveVersion = 1;
	classes = {
	};
	objectVersion = 51;
	objects = {

/* Begin PBXBuildFile section */
		251F73D5E5D02C8CD65A40FD /* Pods_weatherDemoTests.framework in Frameworks */ = {isa = PBXBuildFile; fileRef = 62F63423F4C89A478B790C0E /* Pods_weatherDemoTests.framework */; };
		9991BA9424FFD85D0094B281 /* LocatioonListViewModel.swift in Sources */ = {isa = PBXBuildFile; fileRef = 9991BA9324FFD85D0094B281 /* LocatioonListViewModel.swift */; };
		9991BA9624FFD8680094B281 /* LocatioonListView.swift in Sources */ = {isa = PBXBuildFile; fileRef = 9991BA9524FFD8680094B281 /* LocatioonListView.swift */; };
		9991BAA1250028F00094B281 /* Target.swift in Sources */ = {isa = PBXBuildFile; fileRef = 9991BAA0250028F00094B281 /* Target.swift */; };
		9991BAA4250037400094B281 /* Models.swift in Sources */ = {isa = PBXBuildFile; fileRef = 9991BAA3250037400094B281 /* Models.swift */; };
		9991BAA72500F6120094B281 /* WeatherDetailViewController.swift in Sources */ = {isa = PBXBuildFile; fileRef = 9991BAA62500F6120094B281 /* WeatherDetailViewController.swift */; };
		9991BAA92500F6280094B281 /* WeatherDetailView.swift in Sources */ = {isa = PBXBuildFile; fileRef = 9991BAA82500F6280094B281 /* WeatherDetailView.swift */; };
		9991BAAB2500F6320094B281 /* WeatherDetailViewModel.swift in Sources */ = {isa = PBXBuildFile; fileRef = 9991BAAA2500F6320094B281 /* WeatherDetailViewModel.swift */; };
		99B391E824FEB777008EF8AF /* LoadingViewController.swift in Sources */ = {isa = PBXBuildFile; fileRef = 99B391E724FEB777008EF8AF /* LoadingViewController.swift */; };
		99B9058325013B4D000957A8 /* DefaultCell.swift in Sources */ = {isa = PBXBuildFile; fileRef = 99B9058225013B4D000957A8 /* DefaultCell.swift */; };
		99B90592250177BB000957A8 /* LocationMapViewModel.swift in Sources */ = {isa = PBXBuildFile; fileRef = 99B90591250177BA000957A8 /* LocationMapViewModel.swift */; };
		99D80E6724FBC05800359BD3 /* AppDelegate.swift in Sources */ = {isa = PBXBuildFile; fileRef = 99D80E6624FBC05800359BD3 /* AppDelegate.swift */; };
		99D80E6924FBC05800359BD3 /* SceneDelegate.swift in Sources */ = {isa = PBXBuildFile; fileRef = 99D80E6824FBC05800359BD3 /* SceneDelegate.swift */; };
		99D80E6B24FBC05800359BD3 /* ViewController.swift in Sources */ = {isa = PBXBuildFile; fileRef = 99D80E6A24FBC05800359BD3 /* ViewController.swift */; };
		99D80E6E24FBC05800359BD3 /* Main.storyboard in Resources */ = {isa = PBXBuildFile; fileRef = 99D80E6C24FBC05800359BD3 /* Main.storyboard */; };
		99D80E7024FBC05A00359BD3 /* Assets.xcassets in Resources */ = {isa = PBXBuildFile; fileRef = 99D80E6F24FBC05A00359BD3 /* Assets.xcassets */; };
		99D80E7324FBC05A00359BD3 /* LaunchScreen.storyboard in Resources */ = {isa = PBXBuildFile; fileRef = 99D80E7124FBC05A00359BD3 /* LaunchScreen.storyboard */; };
		99D80E7E24FBC05B00359BD3 /* weatherDemoTests.swift in Sources */ = {isa = PBXBuildFile; fileRef = 99D80E7D24FBC05B00359BD3 /* weatherDemoTests.swift */; };
		99D80E8A24FBC71700359BD3 /* NetworkClient.swift in Sources */ = {isa = PBXBuildFile; fileRef = 99D80E8924FBC71700359BD3 /* NetworkClient.swift */; };
		99D80E8C24FBD3EB00359BD3 /* TargetType.swift in Sources */ = {isa = PBXBuildFile; fileRef = 99D80E8B24FBD3EB00359BD3 /* TargetType.swift */; };
		99D80E9124FBD84800359BD3 /* NavigationController.swift in Sources */ = {isa = PBXBuildFile; fileRef = 99D80E9024FBD84800359BD3 /* NavigationController.swift */; };
		99D80E9424FBD94200359BD3 /* AppRoutes.swift in Sources */ = {isa = PBXBuildFile; fileRef = 99D80E9324FBD94200359BD3 /* AppRoutes.swift */; };
		99D80E9824FBDBD800359BD3 /* HomeViewController.swift in Sources */ = {isa = PBXBuildFile; fileRef = 99D80E9724FBDBD800359BD3 /* HomeViewController.swift */; };
		99D80E9B24FBDD9700359BD3 /* LocationListViewController.swift in Sources */ = {isa = PBXBuildFile; fileRef = 99D80E9A24FBDD9700359BD3 /* LocationListViewController.swift */; };
		99D80E9E24FBDDBF00359BD3 /* LocationMapViewController.swift in Sources */ = {isa = PBXBuildFile; fileRef = 99D80E9D24FBDDBF00359BD3 /* LocationMapViewController.swift */; };
		99D80EA024FBF5E100359BD3 /* LocationMapView.swift in Sources */ = {isa = PBXBuildFile; fileRef = 99D80E9F24FBF5E100359BD3 /* LocationMapView.swift */; };
		99D80EA224FBFBAC00359BD3 /* BaseViewModel.swift in Sources */ = {isa = PBXBuildFile; fileRef = 99D80EA124FBFBAC00359BD3 /* BaseViewModel.swift */; };
		99D80EA524FBFDAB00359BD3 /* Gateway.swift in Sources */ = {isa = PBXBuildFile; fileRef = 99D80EA424FBFDAB00359BD3 /* Gateway.swift */; };
		99D80EA724FC08B700359BD3 /* HomeViewModel.swift in Sources */ = {isa = PBXBuildFile; fileRef = 99D80EA624FC08B700359BD3 /* HomeViewModel.swift */; };
		9DC38F4056E02DEAD3CDB036 /* Pods_weatherDemo.framework in Frameworks */ = {isa = PBXBuildFile; fileRef = 65058930C71277546ABCCD86 /* Pods_weatherDemo.framework */; };
/* End PBXBuildFile section */

/* Begin PBXContainerItemProxy section */
		99D80E7A24FBC05B00359BD3 /* PBXContainerItemProxy */ = {
			isa = PBXContainerItemProxy;
			containerPortal = 99D80E5B24FBC05800359BD3 /* Project object */;
			proxyType = 1;
			remoteGlobalIDString = 99D80E6224FBC05800359BD3;
			remoteInfo = weatherDemo;
		};
/* End PBXContainerItemProxy section */

/* Begin PBXFileReference section */
		00608CD3C99B54987BC44106 /* Pods-weatherDemoTests.release.xcconfig */ = {isa = PBXFileReference; includeInIndex = 1; lastKnownFileType = text.xcconfig; name = "Pods-weatherDemoTests.release.xcconfig"; path = "Target Support Files/Pods-weatherDemoTests/Pods-weatherDemoTests.release.xcconfig"; sourceTree = "<group>"; };
		4D3DB56CED850DE477C56AD2 /* Pods-weatherDemo.release.xcconfig */ = {isa = PBXFileReference; includeInIndex = 1; lastKnownFileType = text.xcconfig; name = "Pods-weatherDemo.release.xcconfig"; path = "Target Support Files/Pods-weatherDemo/Pods-weatherDemo.release.xcconfig"; sourceTree = "<group>"; };
		62F63423F4C89A478B790C0E /* Pods_weatherDemoTests.framework */ = {isa = PBXFileReference; explicitFileType = wrapper.framework; includeInIndex = 0; path = Pods_weatherDemoTests.framework; sourceTree = BUILT_PRODUCTS_DIR; };
		65058930C71277546ABCCD86 /* Pods_weatherDemo.framework */ = {isa = PBXFileReference; explicitFileType = wrapper.framework; includeInIndex = 0; path = Pods_weatherDemo.framework; sourceTree = BUILT_PRODUCTS_DIR; };
		9991BA9324FFD85D0094B281 /* LocatioonListViewModel.swift */ = {isa = PBXFileReference; lastKnownFileType = sourcecode.swift; path = LocatioonListViewModel.swift; sourceTree = "<group>"; };
		9991BA9524FFD8680094B281 /* LocatioonListView.swift */ = {isa = PBXFileReference; lastKnownFileType = sourcecode.swift; path = LocatioonListView.swift; sourceTree = "<group>"; };
		9991BAA0250028F00094B281 /* Target.swift */ = {isa = PBXFileReference; lastKnownFileType = sourcecode.swift; path = Target.swift; sourceTree = "<group>"; };
		9991BAA3250037400094B281 /* Models.swift */ = {isa = PBXFileReference; lastKnownFileType = sourcecode.swift; path = Models.swift; sourceTree = "<group>"; };
		9991BAA62500F6120094B281 /* WeatherDetailViewController.swift */ = {isa = PBXFileReference; lastKnownFileType = sourcecode.swift; path = WeatherDetailViewController.swift; sourceTree = "<group>"; };
		9991BAA82500F6280094B281 /* WeatherDetailView.swift */ = {isa = PBXFileReference; lastKnownFileType = sourcecode.swift; path = WeatherDetailView.swift; sourceTree = "<group>"; };
		9991BAAA2500F6320094B281 /* WeatherDetailViewModel.swift */ = {isa = PBXFileReference; lastKnownFileType = sourcecode.swift; path = WeatherDetailViewModel.swift; sourceTree = "<group>"; };
		99B391E724FEB777008EF8AF /* LoadingViewController.swift */ = {isa = PBXFileReference; lastKnownFileType = sourcecode.swift; path = LoadingViewController.swift; sourceTree = "<group>"; };
		99B9058225013B4D000957A8 /* DefaultCell.swift */ = {isa = PBXFileReference; lastKnownFileType = sourcecode.swift; path = DefaultCell.swift; sourceTree = "<group>"; };
		99B90591250177BA000957A8 /* LocationMapViewModel.swift */ = {isa = PBXFileReference; lastKnownFileType = sourcecode.swift; path = LocationMapViewModel.swift; sourceTree = "<group>"; };
		99D80E6324FBC05800359BD3 /* weatherDemo.app */ = {isa = PBXFileReference; explicitFileType = wrapper.application; includeInIndex = 0; path = weatherDemo.app; sourceTree = BUILT_PRODUCTS_DIR; };
		99D80E6624FBC05800359BD3 /* AppDelegate.swift */ = {isa = PBXFileReference; lastKnownFileType = sourcecode.swift; path = AppDelegate.swift; sourceTree = "<group>"; };
		99D80E6824FBC05800359BD3 /* SceneDelegate.swift */ = {isa = PBXFileReference; lastKnownFileType = sourcecode.swift; path = SceneDelegate.swift; sourceTree = "<group>"; };
		99D80E6A24FBC05800359BD3 /* ViewController.swift */ = {isa = PBXFileReference; lastKnownFileType = sourcecode.swift; path = ViewController.swift; sourceTree = "<group>"; };
		99D80E6D24FBC05800359BD3 /* Base */ = {isa = PBXFileReference; lastKnownFileType = file.storyboard; name = Base; path = Base.lproj/Main.storyboard; sourceTree = "<group>"; };
		99D80E6F24FBC05A00359BD3 /* Assets.xcassets */ = {isa = PBXFileReference; lastKnownFileType = folder.assetcatalog; path = Assets.xcassets; sourceTree = "<group>"; };
		99D80E7224FBC05A00359BD3 /* Base */ = {isa = PBXFileReference; lastKnownFileType = file.storyboard; name = Base; path = Base.lproj/LaunchScreen.storyboard; sourceTree = "<group>"; };
		99D80E7424FBC05A00359BD3 /* Info.plist */ = {isa = PBXFileReference; lastKnownFileType = text.plist.xml; path = Info.plist; sourceTree = "<group>"; };
		99D80E7924FBC05B00359BD3 /* weatherDemoTests.xctest */ = {isa = PBXFileReference; explicitFileType = wrapper.cfbundle; includeInIndex = 0; path = weatherDemoTests.xctest; sourceTree = BUILT_PRODUCTS_DIR; };
		99D80E7D24FBC05B00359BD3 /* weatherDemoTests.swift */ = {isa = PBXFileReference; lastKnownFileType = sourcecode.swift; path = weatherDemoTests.swift; sourceTree = "<group>"; };
		99D80E7F24FBC05B00359BD3 /* Info.plist */ = {isa = PBXFileReference; lastKnownFileType = text.plist.xml; path = Info.plist; sourceTree = "<group>"; };
		99D80E8924FBC71700359BD3 /* NetworkClient.swift */ = {isa = PBXFileReference; lastKnownFileType = sourcecode.swift; path = NetworkClient.swift; sourceTree = "<group>"; };
		99D80E8B24FBD3EB00359BD3 /* TargetType.swift */ = {isa = PBXFileReference; lastKnownFileType = sourcecode.swift; path = TargetType.swift; sourceTree = "<group>"; };
		99D80E9024FBD84800359BD3 /* NavigationController.swift */ = {isa = PBXFileReference; lastKnownFileType = sourcecode.swift; path = NavigationController.swift; sourceTree = "<group>"; };
		99D80E9324FBD94200359BD3 /* AppRoutes.swift */ = {isa = PBXFileReference; lastKnownFileType = sourcecode.swift; path = AppRoutes.swift; sourceTree = "<group>"; };
		99D80E9724FBDBD800359BD3 /* HomeViewController.swift */ = {isa = PBXFileReference; lastKnownFileType = sourcecode.swift; path = HomeViewController.swift; sourceTree = "<group>"; };
		99D80E9A24FBDD9700359BD3 /* LocationListViewController.swift */ = {isa = PBXFileReference; lastKnownFileType = sourcecode.swift; path = LocationListViewController.swift; sourceTree = "<group>"; };
		99D80E9D24FBDDBF00359BD3 /* LocationMapViewController.swift */ = {isa = PBXFileReference; lastKnownFileType = sourcecode.swift; path = LocationMapViewController.swift; sourceTree = "<group>"; };
		99D80E9F24FBF5E100359BD3 /* LocationMapView.swift */ = {isa = PBXFileReference; lastKnownFileType = sourcecode.swift; path = LocationMapView.swift; sourceTree = "<group>"; };
		99D80EA124FBFBAC00359BD3 /* BaseViewModel.swift */ = {isa = PBXFileReference; lastKnownFileType = sourcecode.swift; path = BaseViewModel.swift; sourceTree = "<group>"; };
		99D80EA424FBFDAB00359BD3 /* Gateway.swift */ = {isa = PBXFileReference; lastKnownFileType = sourcecode.swift; path = Gateway.swift; sourceTree = "<group>"; };
		99D80EA624FC08B700359BD3 /* HomeViewModel.swift */ = {isa = PBXFileReference; lastKnownFileType = sourcecode.swift; path = HomeViewModel.swift; sourceTree = "<group>"; };
		BEBA5E51734B5D530E623043 /* Pods-weatherDemoTests.debug.xcconfig */ = {isa = PBXFileReference; includeInIndex = 1; lastKnownFileType = text.xcconfig; name = "Pods-weatherDemoTests.debug.xcconfig"; path = "Target Support Files/Pods-weatherDemoTests/Pods-weatherDemoTests.debug.xcconfig"; sourceTree = "<group>"; };
		EDFE140937A278327BF0EF7E /* Pods-weatherDemo.debug.xcconfig */ = {isa = PBXFileReference; includeInIndex = 1; lastKnownFileType = text.xcconfig; name = "Pods-weatherDemo.debug.xcconfig"; path = "Target Support Files/Pods-weatherDemo/Pods-weatherDemo.debug.xcconfig"; sourceTree = "<group>"; };
/* End PBXFileReference section */

/* Begin PBXFrameworksBuildPhase section */
		99D80E6024FBC05800359BD3 /* Frameworks */ = {
			isa = PBXFrameworksBuildPhase;
			buildActionMask = 2147483647;
			files = (
				9DC38F4056E02DEAD3CDB036 /* Pods_weatherDemo.framework in Frameworks */,
			);
			runOnlyForDeploymentPostprocessing = 0;
		};
		99D80E7624FBC05B00359BD3 /* Frameworks */ = {
			isa = PBXFrameworksBuildPhase;
			buildActionMask = 2147483647;
			files = (
				251F73D5E5D02C8CD65A40FD /* Pods_weatherDemoTests.framework in Frameworks */,
			);
			runOnlyForDeploymentPostprocessing = 0;
		};
/* End PBXFrameworksBuildPhase section */

/* Begin PBXGroup section */
		4394BC8489A765DF71D6DE6A /* Frameworks */ = {
			isa = PBXGroup;
			children = (
				65058930C71277546ABCCD86 /* Pods_weatherDemo.framework */,
				62F63423F4C89A478B790C0E /* Pods_weatherDemoTests.framework */,
			);
			name = Frameworks;
			sourceTree = "<group>";
		};
		9991BAA22500372F0094B281 /* Models */ = {
			isa = PBXGroup;
			children = (
				9991BAA3250037400094B281 /* Models.swift */,
			);
			path = Models;
			sourceTree = "<group>";
		};
		9991BAA52500F5F30094B281 /* WeatherDetailScene */ = {
			isa = PBXGroup;
			children = (
				99B9058125013B3B000957A8 /* Cells */,
				9991BAA62500F6120094B281 /* WeatherDetailViewController.swift */,
				9991BAA82500F6280094B281 /* WeatherDetailView.swift */,
				9991BAAA2500F6320094B281 /* WeatherDetailViewModel.swift */,
			);
			path = WeatherDetailScene;
			sourceTree = "<group>";
		};
		99B391E624FEB763008EF8AF /* LoadingScene */ = {
			isa = PBXGroup;
			children = (
				99B391E724FEB777008EF8AF /* LoadingViewController.swift */,
			);
			path = LoadingScene;
			sourceTree = "<group>";
		};
		99B9058125013B3B000957A8 /* Cells */ = {
			isa = PBXGroup;
			children = (
				99B9058225013B4D000957A8 /* DefaultCell.swift */,
			);
			path = Cells;
			sourceTree = "<group>";
		};
		99D80E5A24FBC05800359BD3 = {
			isa = PBXGroup;
			children = (
				99D80E6524FBC05800359BD3 /* weatherDemo */,
				99D80E7C24FBC05B00359BD3 /* weatherDemoTests */,
				99D80E6424FBC05800359BD3 /* Products */,
				A4534E4D86D8BF1974D74A40 /* Pods */,
				4394BC8489A765DF71D6DE6A /* Frameworks */,
			);
			sourceTree = "<group>";
		};
		99D80E6424FBC05800359BD3 /* Products */ = {
			isa = PBXGroup;
			children = (
				99D80E6324FBC05800359BD3 /* weatherDemo.app */,
				99D80E7924FBC05B00359BD3 /* weatherDemoTests.xctest */,
			);
			name = Products;
			sourceTree = "<group>";
		};
		99D80E6524FBC05800359BD3 /* weatherDemo */ = {
			isa = PBXGroup;
			children = (
				99D80EA324FBFD9D00359BD3 /* Gateway */,
				99D80E9524FBD9B000359BD3 /* Base */,
				99D80E9224FBD92B00359BD3 /* AppRoutes */,
				99D80E8E24FBD82800359BD3 /* Secenes */,
				99D80E8824FBC6D900359BD3 /* Networking */,
				99D80E6624FBC05800359BD3 /* AppDelegate.swift */,
				99D80E6824FBC05800359BD3 /* SceneDelegate.swift */,
				99D80E6A24FBC05800359BD3 /* ViewController.swift */,
				99D80E6C24FBC05800359BD3 /* Main.storyboard */,
				99D80E6F24FBC05A00359BD3 /* Assets.xcassets */,
				99D80E7124FBC05A00359BD3 /* LaunchScreen.storyboard */,
				99D80E7424FBC05A00359BD3 /* Info.plist */,
			);
			path = weatherDemo;
			sourceTree = "<group>";
		};
		99D80E7C24FBC05B00359BD3 /* weatherDemoTests */ = {
			isa = PBXGroup;
			children = (
				99D80E7D24FBC05B00359BD3 /* weatherDemoTests.swift */,
				99D80E7F24FBC05B00359BD3 /* Info.plist */,
			);
			path = weatherDemoTests;
			sourceTree = "<group>";
		};
		99D80E8824FBC6D900359BD3 /* Networking */ = {
			isa = PBXGroup;
			children = (
				9991BAA22500372F0094B281 /* Models */,
				99D80E8924FBC71700359BD3 /* NetworkClient.swift */,
				99D80E8B24FBD3EB00359BD3 /* TargetType.swift */,
				9991BAA0250028F00094B281 /* Target.swift */,
			);
			path = Networking;
			sourceTree = "<group>";
		};
		99D80E8E24FBD82800359BD3 /* Secenes */ = {
			isa = PBXGroup;
			children = (
				9991BAA52500F5F30094B281 /* WeatherDetailScene */,
				99B391E624FEB763008EF8AF /* LoadingScene */,
				99D80E9C24FBDDA000359BD3 /* LocationMapScene */,
				99D80E9924FBDD8100359BD3 /* LocationListScene */,
				99D80E9624FBDBC300359BD3 /* HomeScene */,
				99D80E8F24FBD83500359BD3 /* NavigationScene */,
			);
			path = Secenes;
			sourceTree = "<group>";
		};
		99D80E8F24FBD83500359BD3 /* NavigationScene */ = {
			isa = PBXGroup;
			children = (
				99D80E9024FBD84800359BD3 /* NavigationController.swift */,
			);
			path = NavigationScene;
			sourceTree = "<group>";
		};
		99D80E9224FBD92B00359BD3 /* AppRoutes */ = {
			isa = PBXGroup;
			children = (
				99D80E9324FBD94200359BD3 /* AppRoutes.swift */,
			);
			path = AppRoutes;
			sourceTree = "<group>";
		};
		99D80E9524FBD9B000359BD3 /* Base */ = {
			isa = PBXGroup;
			children = (
				99D80EA124FBFBAC00359BD3 /* BaseViewModel.swift */,
			);
			path = Base;
			sourceTree = "<group>";
		};
		99D80E9624FBDBC300359BD3 /* HomeScene */ = {
			isa = PBXGroup;
			children = (
				99D80E9724FBDBD800359BD3 /* HomeViewController.swift */,
				99D80EA624FC08B700359BD3 /* HomeViewModel.swift */,
			);
			path = HomeScene;
			sourceTree = "<group>";
		};
		99D80E9924FBDD8100359BD3 /* LocationListScene */ = {
			isa = PBXGroup;
			children = (
				99D80E9A24FBDD9700359BD3 /* LocationListViewController.swift */,
				9991BA9324FFD85D0094B281 /* LocatioonListViewModel.swift */,
				9991BA9524FFD8680094B281 /* LocatioonListView.swift */,
			);
			path = LocationListScene;
			sourceTree = "<group>";
		};
		99D80E9C24FBDDA000359BD3 /* LocationMapScene */ = {
			isa = PBXGroup;
			children = (
				99D80E9D24FBDDBF00359BD3 /* LocationMapViewController.swift */,
				99D80E9F24FBF5E100359BD3 /* LocationMapView.swift */,
				99B90591250177BA000957A8 /* LocationMapViewModel.swift */,
			);
			path = LocationMapScene;
			sourceTree = "<group>";
		};
		99D80EA324FBFD9D00359BD3 /* Gateway */ = {
			isa = PBXGroup;
			children = (
				99D80EA424FBFDAB00359BD3 /* Gateway.swift */,
			);
			path = Gateway;
			sourceTree = "<group>";
		};
		A4534E4D86D8BF1974D74A40 /* Pods */ = {
			isa = PBXGroup;
			children = (
				EDFE140937A278327BF0EF7E /* Pods-weatherDemo.debug.xcconfig */,
				4D3DB56CED850DE477C56AD2 /* Pods-weatherDemo.release.xcconfig */,
				BEBA5E51734B5D530E623043 /* Pods-weatherDemoTests.debug.xcconfig */,
				00608CD3C99B54987BC44106 /* Pods-weatherDemoTests.release.xcconfig */,
			);
			path = Pods;
			sourceTree = "<group>";
		};
/* End PBXGroup section */

/* Begin PBXNativeTarget section */
		99D80E6224FBC05800359BD3 /* weatherDemo */ = {
			isa = PBXNativeTarget;
			buildConfigurationList = 99D80E8224FBC05B00359BD3 /* Build configuration list for PBXNativeTarget "weatherDemo" */;
			buildPhases = (
				1336B9D2BB8C934E356A1B52 /* [CP] Check Pods Manifest.lock */,
				99D80E5F24FBC05800359BD3 /* Sources */,
				99D80E6024FBC05800359BD3 /* Frameworks */,
				99D80E6124FBC05800359BD3 /* Resources */,
				2AD5E1E45BD5AE89ED693236 /* [CP] Embed Pods Frameworks */,
			);
			buildRules = (
			);
			dependencies = (
			);
			name = weatherDemo;
			productName = weatherDemo;
			productReference = 99D80E6324FBC05800359BD3 /* weatherDemo.app */;
			productType = "com.apple.product-type.application";
		};
		99D80E7824FBC05B00359BD3 /* weatherDemoTests */ = {
			isa = PBXNativeTarget;
			buildConfigurationList = 99D80E8524FBC05B00359BD3 /* Build configuration list for PBXNativeTarget "weatherDemoTests" */;
			buildPhases = (
				DB7410AA3F67D9C37F75EAE9 /* [CP] Check Pods Manifest.lock */,
				99D80E7524FBC05B00359BD3 /* Sources */,
				99D80E7624FBC05B00359BD3 /* Frameworks */,
				99D80E7724FBC05B00359BD3 /* Resources */,
			);
			buildRules = (
			);
			dependencies = (
				99D80E7B24FBC05B00359BD3 /* PBXTargetDependency */,
			);
			name = weatherDemoTests;
			productName = weatherDemoTests;
			productReference = 99D80E7924FBC05B00359BD3 /* weatherDemoTests.xctest */;
			productType = "com.apple.product-type.bundle.unit-test";
		};
/* End PBXNativeTarget section */

/* Begin PBXProject section */
		99D80E5B24FBC05800359BD3 /* Project object */ = {
			isa = PBXProject;
			attributes = {
				LastSwiftUpdateCheck = 1160;
				LastUpgradeCheck = 1160;
				ORGANIZATIONNAME = "dies irae";
				TargetAttributes = {
					99D80E6224FBC05800359BD3 = {
						CreatedOnToolsVersion = 11.6;
					};
					99D80E7824FBC05B00359BD3 = {
						CreatedOnToolsVersion = 11.6;
						TestTargetID = 99D80E6224FBC05800359BD3;
					};
				};
			};
			buildConfigurationList = 99D80E5E24FBC05800359BD3 /* Build configuration list for PBXProject "weatherDemo" */;
			compatibilityVersion = "Xcode 9.3";
			developmentRegion = en;
			hasScannedForEncodings = 0;
			knownRegions = (
				en,
				Base,
			);
			mainGroup = 99D80E5A24FBC05800359BD3;
			productRefGroup = 99D80E6424FBC05800359BD3 /* Products */;
			projectDirPath = "";
			projectRoot = "";
			targets = (
				99D80E6224FBC05800359BD3 /* weatherDemo */,
				99D80E7824FBC05B00359BD3 /* weatherDemoTests */,
			);
		};
/* End PBXProject section */

/* Begin PBXResourcesBuildPhase section */
		99D80E6124FBC05800359BD3 /* Resources */ = {
			isa = PBXResourcesBuildPhase;
			buildActionMask = 2147483647;
			files = (
				99D80E7324FBC05A00359BD3 /* LaunchScreen.storyboard in Resources */,
				99D80E7024FBC05A00359BD3 /* Assets.xcassets in Resources */,
				99D80E6E24FBC05800359BD3 /* Main.storyboard in Resources */,
			);
			runOnlyForDeploymentPostprocessing = 0;
		};
		99D80E7724FBC05B00359BD3 /* Resources */ = {
			isa = PBXResourcesBuildPhase;
			buildActionMask = 2147483647;
			files = (
			);
			runOnlyForDeploymentPostprocessing = 0;
		};
/* End PBXResourcesBuildPhase section */

/* Begin PBXShellScriptBuildPhase section */
		1336B9D2BB8C934E356A1B52 /* [CP] Check Pods Manifest.lock */ = {
			isa = PBXShellScriptBuildPhase;
			buildActionMask = 2147483647;
			files = (
			);
			inputFileListPaths = (
			);
			inputPaths = (
				"${PODS_PODFILE_DIR_PATH}/Podfile.lock",
				"${PODS_ROOT}/Manifest.lock",
			);
			name = "[CP] Check Pods Manifest.lock";
			outputFileListPaths = (
			);
			outputPaths = (
				"$(DERIVED_FILE_DIR)/Pods-weatherDemo-checkManifestLockResult.txt",
			);
			runOnlyForDeploymentPostprocessing = 0;
			shellPath = /bin/sh;
			shellScript = "diff \"${PODS_PODFILE_DIR_PATH}/Podfile.lock\" \"${PODS_ROOT}/Manifest.lock\" > /dev/null\nif [ $? != 0 ] ; then\n    # print error to STDERR\n    echo \"error: The sandbox is not in sync with the Podfile.lock. Run 'pod install' or update your CocoaPods installation.\" >&2\n    exit 1\nfi\n# This output is used by Xcode 'outputs' to avoid re-running this script phase.\necho \"SUCCESS\" > \"${SCRIPT_OUTPUT_FILE_0}\"\n";
			showEnvVarsInLog = 0;
		};
		2AD5E1E45BD5AE89ED693236 /* [CP] Embed Pods Frameworks */ = {
			isa = PBXShellScriptBuildPhase;
			buildActionMask = 2147483647;
			files = (
			);
			inputFileListPaths = (
				"${PODS_ROOT}/Target Support Files/Pods-weatherDemo/Pods-weatherDemo-frameworks-${CONFIGURATION}-input-files.xcfilelist",
			);
			name = "[CP] Embed Pods Frameworks";
			outputFileListPaths = (
				"${PODS_ROOT}/Target Support Files/Pods-weatherDemo/Pods-weatherDemo-frameworks-${CONFIGURATION}-output-files.xcfilelist",
			);
			runOnlyForDeploymentPostprocessing = 0;
			shellPath = /bin/sh;
			shellScript = "\"${PODS_ROOT}/Target Support Files/Pods-weatherDemo/Pods-weatherDemo-frameworks.sh\"\n";
			showEnvVarsInLog = 0;
		};
		DB7410AA3F67D9C37F75EAE9 /* [CP] Check Pods Manifest.lock */ = {
			isa = PBXShellScriptBuildPhase;
			buildActionMask = 2147483647;
			files = (
			);
			inputFileListPaths = (
			);
			inputPaths = (
				"${PODS_PODFILE_DIR_PATH}/Podfile.lock",
				"${PODS_ROOT}/Manifest.lock",
			);
			name = "[CP] Check Pods Manifest.lock";
			outputFileListPaths = (
			);
			outputPaths = (
				"$(DERIVED_FILE_DIR)/Pods-weatherDemoTests-checkManifestLockResult.txt",
			);
			runOnlyForDeploymentPostprocessing = 0;
			shellPath = /bin/sh;
			shellScript = "diff \"${PODS_PODFILE_DIR_PATH}/Podfile.lock\" \"${PODS_ROOT}/Manifest.lock\" > /dev/null\nif [ $? != 0 ] ; then\n    # print error to STDERR\n    echo \"error: The sandbox is not in sync with the Podfile.lock. Run 'pod install' or update your CocoaPods installation.\" >&2\n    exit 1\nfi\n# This output is used by Xcode 'outputs' to avoid re-running this script phase.\necho \"SUCCESS\" > \"${SCRIPT_OUTPUT_FILE_0}\"\n";
			showEnvVarsInLog = 0;
		};
/* End PBXShellScriptBuildPhase section */

/* Begin PBXSourcesBuildPhase section */
		99D80E5F24FBC05800359BD3 /* Sources */ = {
			isa = PBXSourcesBuildPhase;
			buildActionMask = 2147483647;
			files = (
				99D80E8C24FBD3EB00359BD3 /* TargetType.swift in Sources */,
				99B391E824FEB777008EF8AF /* LoadingViewController.swift in Sources */,
				99D80E9B24FBDD9700359BD3 /* LocationListViewController.swift in Sources */,
				99D80E9124FBD84800359BD3 /* NavigationController.swift in Sources */,
				99D80EA024FBF5E100359BD3 /* LocationMapView.swift in Sources */,
				99D80EA524FBFDAB00359BD3 /* Gateway.swift in Sources */,
				99D80E6B24FBC05800359BD3 /* ViewController.swift in Sources */,
				9991BA9624FFD8680094B281 /* LocatioonListView.swift in Sources */,
				9991BA9424FFD85D0094B281 /* LocatioonListViewModel.swift in Sources */,
				99D80EA224FBFBAC00359BD3 /* BaseViewModel.swift in Sources */,
				99D80E9E24FBDDBF00359BD3 /* LocationMapViewController.swift in Sources */,
				99D80E9824FBDBD800359BD3 /* HomeViewController.swift in Sources */,
				99D80EA724FC08B700359BD3 /* HomeViewModel.swift in Sources */,
				99B9058325013B4D000957A8 /* DefaultCell.swift in Sources */,
				99D80E6724FBC05800359BD3 /* AppDelegate.swift in Sources */,
				99D80E9424FBD94200359BD3 /* AppRoutes.swift in Sources */,
				99B90592250177BB000957A8 /* LocationMapViewModel.swift in Sources */,
				9991BAA4250037400094B281 /* Models.swift in Sources */,
				9991BAAB2500F6320094B281 /* WeatherDetailViewModel.swift in Sources */,
				9991BAA1250028F00094B281 /* Target.swift in Sources */,
				99D80E6924FBC05800359BD3 /* SceneDelegate.swift in Sources */,
				9991BAA92500F6280094B281 /* WeatherDetailView.swift in Sources */,
				9991BAA72500F6120094B281 /* WeatherDetailViewController.swift in Sources */,
				99D80E8A24FBC71700359BD3 /* NetworkClient.swift in Sources */,
			);
			runOnlyForDeploymentPostprocessing = 0;
		};
		99D80E7524FBC05B00359BD3 /* Sources */ = {
			isa = PBXSourcesBuildPhase;
			buildActionMask = 2147483647;
			files = (
				99D80E7E24FBC05B00359BD3 /* weatherDemoTests.swift in Sources */,
			);
			runOnlyForDeploymentPostprocessing = 0;
		};
/* End PBXSourcesBuildPhase section */

/* Begin PBXTargetDependency section */
		99D80E7B24FBC05B00359BD3 /* PBXTargetDependency */ = {
			isa = PBXTargetDependency;
			target = 99D80E6224FBC05800359BD3 /* weatherDemo */;
			targetProxy = 99D80E7A24FBC05B00359BD3 /* PBXContainerItemProxy */;
		};
/* End PBXTargetDependency section */

/* Begin PBXVariantGroup section */
		99D80E6C24FBC05800359BD3 /* Main.storyboard */ = {
			isa = PBXVariantGroup;
			children = (
				99D80E6D24FBC05800359BD3 /* Base */,
			);
			name = Main.storyboard;
			sourceTree = "<group>";
		};
		99D80E7124FBC05A00359BD3 /* LaunchScreen.storyboard */ = {
			isa = PBXVariantGroup;
			children = (
				99D80E7224FBC05A00359BD3 /* Base */,
			);
			name = LaunchScreen.storyboard;
			sourceTree = "<group>";
		};
/* End PBXVariantGroup section */

/* Begin XCBuildConfiguration section */
		99D80E8024FBC05B00359BD3 /* Debug */ = {
			isa = XCBuildConfiguration;
			buildSettings = {
				ALWAYS_SEARCH_USER_PATHS = NO;
				CLANG_ANALYZER_NONNULL = YES;
				CLANG_ANALYZER_NUMBER_OBJECT_CONVERSION = YES_AGGRESSIVE;
				CLANG_CXX_LANGUAGE_STANDARD = "gnu++14";
				CLANG_CXX_LIBRARY = "libc++";
				CLANG_ENABLE_MODULES = YES;
				CLANG_ENABLE_OBJC_ARC = YES;
				CLANG_ENABLE_OBJC_WEAK = YES;
				CLANG_WARN_BLOCK_CAPTURE_AUTORELEASING = YES;
				CLANG_WARN_BOOL_CONVERSION = YES;
				CLANG_WARN_COMMA = YES;
				CLANG_WARN_CONSTANT_CONVERSION = YES;
				CLANG_WARN_DEPRECATED_OBJC_IMPLEMENTATIONS = YES;
				CLANG_WARN_DIRECT_OBJC_ISA_USAGE = YES_ERROR;
				CLANG_WARN_DOCUMENTATION_COMMENTS = YES;
				CLANG_WARN_EMPTY_BODY = YES;
				CLANG_WARN_ENUM_CONVERSION = YES;
				CLANG_WARN_INFINITE_RECURSION = YES;
				CLANG_WARN_INT_CONVERSION = YES;
				CLANG_WARN_NON_LITERAL_NULL_CONVERSION = YES;
				CLANG_WARN_OBJC_IMPLICIT_RETAIN_SELF = YES;
				CLANG_WARN_OBJC_LITERAL_CONVERSION = YES;
				CLANG_WARN_OBJC_ROOT_CLASS = YES_ERROR;
				CLANG_WARN_RANGE_LOOP_ANALYSIS = YES;
				CLANG_WARN_STRICT_PROTOTYPES = YES;
				CLANG_WARN_SUSPICIOUS_MOVE = YES;
				CLANG_WARN_UNGUARDED_AVAILABILITY = YES_AGGRESSIVE;
				CLANG_WARN_UNREACHABLE_CODE = YES;
				CLANG_WARN__DUPLICATE_METHOD_MATCH = YES;
				COPY_PHASE_STRIP = NO;
				DEBUG_INFORMATION_FORMAT = dwarf;
				ENABLE_STRICT_OBJC_MSGSEND = YES;
				ENABLE_TESTABILITY = YES;
				GCC_C_LANGUAGE_STANDARD = gnu11;
				GCC_DYNAMIC_NO_PIC = NO;
				GCC_NO_COMMON_BLOCKS = YES;
				GCC_OPTIMIZATION_LEVEL = 0;
				GCC_PREPROCESSOR_DEFINITIONS = (
					"DEBUG=1",
					"$(inherited)",
				);
				GCC_WARN_64_TO_32_BIT_CONVERSION = YES;
				GCC_WARN_ABOUT_RETURN_TYPE = YES_ERROR;
				GCC_WARN_UNDECLARED_SELECTOR = YES;
				GCC_WARN_UNINITIALIZED_AUTOS = YES_AGGRESSIVE;
				GCC_WARN_UNUSED_FUNCTION = YES;
				GCC_WARN_UNUSED_VARIABLE = YES;
				IPHONEOS_DEPLOYMENT_TARGET = 13.6;
				MTL_ENABLE_DEBUG_INFO = INCLUDE_SOURCE;
				MTL_FAST_MATH = YES;
				ONLY_ACTIVE_ARCH = YES;
				SDKROOT = iphoneos;
				SWIFT_ACTIVE_COMPILATION_CONDITIONS = DEBUG;
				SWIFT_OPTIMIZATION_LEVEL = "-Onone";
			};
			name = Debug;
		};
		99D80E8124FBC05B00359BD3 /* Release */ = {
			isa = XCBuildConfiguration;
			buildSettings = {
				ALWAYS_SEARCH_USER_PATHS = NO;
				CLANG_ANALYZER_NONNULL = YES;
				CLANG_ANALYZER_NUMBER_OBJECT_CONVERSION = YES_AGGRESSIVE;
				CLANG_CXX_LANGUAGE_STANDARD = "gnu++14";
				CLANG_CXX_LIBRARY = "libc++";
				CLANG_ENABLE_MODULES = YES;
				CLANG_ENABLE_OBJC_ARC = YES;
				CLANG_ENABLE_OBJC_WEAK = YES;
				CLANG_WARN_BLOCK_CAPTURE_AUTORELEASING = YES;
				CLANG_WARN_BOOL_CONVERSION = YES;
				CLANG_WARN_COMMA = YES;
				CLANG_WARN_CONSTANT_CONVERSION = YES;
				CLANG_WARN_DEPRECATED_OBJC_IMPLEMENTATIONS = YES;
				CLANG_WARN_DIRECT_OBJC_ISA_USAGE = YES_ERROR;
				CLANG_WARN_DOCUMENTATION_COMMENTS = YES;
				CLANG_WARN_EMPTY_BODY = YES;
				CLANG_WARN_ENUM_CONVERSION = YES;
				CLANG_WARN_INFINITE_RECURSION = YES;
				CLANG_WARN_INT_CONVERSION = YES;
				CLANG_WARN_NON_LITERAL_NULL_CONVERSION = YES;
				CLANG_WARN_OBJC_IMPLICIT_RETAIN_SELF = YES;
				CLANG_WARN_OBJC_LITERAL_CONVERSION = YES;
				CLANG_WARN_OBJC_ROOT_CLASS = YES_ERROR;
				CLANG_WARN_RANGE_LOOP_ANALYSIS = YES;
				CLANG_WARN_STRICT_PROTOTYPES = YES;
				CLANG_WARN_SUSPICIOUS_MOVE = YES;
				CLANG_WARN_UNGUARDED_AVAILABILITY = YES_AGGRESSIVE;
				CLANG_WARN_UNREACHABLE_CODE = YES;
				CLANG_WARN__DUPLICATE_METHOD_MATCH = YES;
				COPY_PHASE_STRIP = NO;
				DEBUG_INFORMATION_FORMAT = "dwarf-with-dsym";
				ENABLE_NS_ASSERTIONS = NO;
				ENABLE_STRICT_OBJC_MSGSEND = YES;
				GCC_C_LANGUAGE_STANDARD = gnu11;
				GCC_NO_COMMON_BLOCKS = YES;
				GCC_WARN_64_TO_32_BIT_CONVERSION = YES;
				GCC_WARN_ABOUT_RETURN_TYPE = YES_ERROR;
				GCC_WARN_UNDECLARED_SELECTOR = YES;
				GCC_WARN_UNINITIALIZED_AUTOS = YES_AGGRESSIVE;
				GCC_WARN_UNUSED_FUNCTION = YES;
				GCC_WARN_UNUSED_VARIABLE = YES;
				IPHONEOS_DEPLOYMENT_TARGET = 13.6;
				MTL_ENABLE_DEBUG_INFO = NO;
				MTL_FAST_MATH = YES;
				SDKROOT = iphoneos;
				SWIFT_COMPILATION_MODE = wholemodule;
				SWIFT_OPTIMIZATION_LEVEL = "-O";
				VALIDATE_PRODUCT = YES;
			};
			name = Release;
		};
		99D80E8324FBC05B00359BD3 /* Debug */ = {
			isa = XCBuildConfiguration;
			baseConfigurationReference = EDFE140937A278327BF0EF7E /* Pods-weatherDemo.debug.xcconfig */;
			buildSettings = {
				ASSETCATALOG_COMPILER_APPICON_NAME = AppIcon;
				CODE_SIGN_IDENTITY = "iPhone Developer";
				CODE_SIGN_STYLE = Manual;
				DEVELOPMENT_TEAM = CUF3KLQ573;
				INFOPLIST_FILE = weatherDemo/Info.plist;
				LD_RUNPATH_SEARCH_PATHS = (
					"$(inherited)",
					"@executable_path/Frameworks",
				);
				PRODUCT_BUNDLE_IDENTIFIER = io.viesure.gsApp;
				PRODUCT_NAME = "$(TARGET_NAME)";
				PROVISIONING_PROFILE_SPECIFIER = "Viesure Glasschaden Development";
				SWIFT_VERSION = 5.0;
				TARGETED_DEVICE_FAMILY = 1;
			};
			name = Debug;
		};
		99D80E8424FBC05B00359BD3 /* Release */ = {
			isa = XCBuildConfiguration;
			baseConfigurationReference = 4D3DB56CED850DE477C56AD2 /* Pods-weatherDemo.release.xcconfig */;
			buildSettings = {
				ASSETCATALOG_COMPILER_APPICON_NAME = AppIcon;
				CODE_SIGN_IDENTITY = "iPhone Developer";
				CODE_SIGN_STYLE = Manual;
				DEVELOPMENT_TEAM = CUF3KLQ573;
				INFOPLIST_FILE = weatherDemo/Info.plist;
				LD_RUNPATH_SEARCH_PATHS = (
					"$(inherited)",
					"@executable_path/Frameworks",
				);
				PRODUCT_BUNDLE_IDENTIFIER = io.viesure.gsApp;
				PRODUCT_NAME = "$(TARGET_NAME)";
				PROVISIONING_PROFILE_SPECIFIER = "Viesure Glasschaden Development";
				SWIFT_VERSION = 5.0;
				TARGETED_DEVICE_FAMILY = 1;
			};
			name = Release;
		};
		99D80E8624FBC05B00359BD3 /* Debug */ = {
			isa = XCBuildConfiguration;
			baseConfigurationReference = BEBA5E51734B5D530E623043 /* Pods-weatherDemoTests.debug.xcconfig */;
			buildSettings = {
				ALWAYS_EMBED_SWIFT_STANDARD_LIBRARIES = YES;
				BUNDLE_LOADER = "$(TEST_HOST)";
				CODE_SIGN_STYLE = Automatic;
				INFOPLIST_FILE = weatherDemoTests/Info.plist;
				IPHONEOS_DEPLOYMENT_TARGET = 13.6;
				LD_RUNPATH_SEARCH_PATHS = (
					"$(inherited)",
					"@executable_path/Frameworks",
					"@loader_path/Frameworks",
				);
				PRODUCT_BUNDLE_IDENTIFIER = bsc.demo.weatherDemoTests;
				PRODUCT_NAME = "$(TARGET_NAME)";
				SWIFT_VERSION = 5.0;
				TARGETED_DEVICE_FAMILY = "1,2";
				TEST_HOST = "$(BUILT_PRODUCTS_DIR)/weatherDemo.app/weatherDemo";
			};
			name = Debug;
		};
		99D80E8724FBC05B00359BD3 /* Release */ = {
			isa = XCBuildConfiguration;
			baseConfigurationReference = 00608CD3C99B54987BC44106 /* Pods-weatherDemoTests.release.xcconfig */;
			buildSettings = {
				ALWAYS_EMBED_SWIFT_STANDARD_LIBRARIES = YES;
				BUNDLE_LOADER = "$(TEST_HOST)";
				CODE_SIGN_STYLE = Automatic;
				INFOPLIST_FILE = weatherDemoTests/Info.plist;
				IPHONEOS_DEPLOYMENT_TARGET = 13.6;
				LD_RUNPATH_SEARCH_PATHS = (
					"$(inherited)",
					"@executable_path/Frameworks",
					"@loader_path/Frameworks",
				);
				PRODUCT_BUNDLE_IDENTIFIER = bsc.demo.weatherDemoTests;
				PRODUCT_NAME = "$(TARGET_NAME)";
				SWIFT_VERSION = 5.0;
				TARGETED_DEVICE_FAMILY = "1,2";
				TEST_HOST = "$(BUILT_PRODUCTS_DIR)/weatherDemo.app/weatherDemo";
			};
			name = Release;
		};
/* End XCBuildConfiguration section */

/* Begin XCConfigurationList section */
		99D80E5E24FBC05800359BD3 /* Build configuration list for PBXProject "weatherDemo" */ = {
			isa = XCConfigurationList;
			buildConfigurations = (
				99D80E8024FBC05B00359BD3 /* Debug */,
				99D80E8124FBC05B00359BD3 /* Release */,
			);
			defaultConfigurationIsVisible = 0;
			defaultConfigurationName = Release;
		};
		99D80E8224FBC05B00359BD3 /* Build configuration list for PBXNativeTarget "weatherDemo" */ = {
			isa = XCConfigurationList;
			buildConfigurations = (
				99D80E8324FBC05B00359BD3 /* Debug */,
				99D80E8424FBC05B00359BD3 /* Release */,
			);
			defaultConfigurationIsVisible = 0;
			defaultConfigurationName = Release;
		};
		99D80E8524FBC05B00359BD3 /* Build configuration list for PBXNativeTarget "weatherDemoTests" */ = {
			isa = XCConfigurationList;
			buildConfigurations = (
				99D80E8624FBC05B00359BD3 /* Debug */,
				99D80E8724FBC05B00359BD3 /* Release */,
			);
			defaultConfigurationIsVisible = 0;
			defaultConfigurationName = Release;
		};
/* End XCConfigurationList section */
	};
	rootObject = 99D80E5B24FBC05800359BD3 /* Project object */;
}
